// !$*UTF8*$!
{
	archiveVersion = 1;
	classes = {
	};
	objectVersion = 46;
	objects = {

/* Begin PBXBuildFile section */
		37C516401B55E47C00613033 /* Side.swift in Sources */ = {isa = PBXBuildFile; fileRef = 37C5163F1B55E47C00613033 /* Side.swift */; };
		37C516421B569E1A00613033 /* PlayerRegistrar.swift in Sources */ = {isa = PBXBuildFile; fileRef = 37C516411B569E1A00613033 /* PlayerRegistrar.swift */; };
		37C516461B56C83000613033 /* BoardQuery.swift in Sources */ = {isa = PBXBuildFile; fileRef = 37C516451B56C83000613033 /* BoardQuery.swift */; };
		37C516481B56D78300613033 /* BoardState.swift in Sources */ = {isa = PBXBuildFile; fileRef = 37C516471B56D78300613033 /* BoardState.swift */; };
		37C5164A1B56D85900613033 /* Turns.swift in Sources */ = {isa = PBXBuildFile; fileRef = 37C516491B56D85900613033 /* Turns.swift */; };
		37D816031B4DA7EC00BA1AB1 /* AppDelegate.swift in Sources */ = {isa = PBXBuildFile; fileRef = 37D816021B4DA7EC00BA1AB1 /* AppDelegate.swift */; };
		37D816051B4DA7EC00BA1AB1 /* ViewController.swift in Sources */ = {isa = PBXBuildFile; fileRef = 37D816041B4DA7EC00BA1AB1 /* ViewController.swift */; };
		37D816081B4DA7EC00BA1AB1 /* Main.storyboard in Resources */ = {isa = PBXBuildFile; fileRef = 37D816061B4DA7EC00BA1AB1 /* Main.storyboard */; };
		37D8160A1B4DA7EC00BA1AB1 /* Assets.xcassets in Resources */ = {isa = PBXBuildFile; fileRef = 37D816091B4DA7EC00BA1AB1 /* Assets.xcassets */; };
		37D8160D1B4DA7EC00BA1AB1 /* LaunchScreen.storyboard in Resources */ = {isa = PBXBuildFile; fileRef = 37D8160B1B4DA7EC00BA1AB1 /* LaunchScreen.storyboard */; };
		37D816181B4DA7ED00BA1AB1 /* Manna_ColaTests.swift in Sources */ = {isa = PBXBuildFile; fileRef = 37D816171B4DA7ED00BA1AB1 /* Manna_ColaTests.swift */; };
		37D816231B4DA7ED00BA1AB1 /* Manna_ColaUITests.swift in Sources */ = {isa = PBXBuildFile; fileRef = 37D816221B4DA7ED00BA1AB1 /* Manna_ColaUITests.swift */; };
		37D816321B4DC34700BA1AB1 /* Pocket.swift in Sources */ = {isa = PBXBuildFile; fileRef = 37D816311B4DC34700BA1AB1 /* Pocket.swift */; };
		37D816361B4DDAD200BA1AB1 /* Game.swift in Sources */ = {isa = PBXBuildFile; fileRef = 37D816351B4DDAD200BA1AB1 /* Game.swift */; };
		37D816381B4DDC7C00BA1AB1 /* AbleToPlay.swift in Sources */ = {isa = PBXBuildFile; fileRef = 37D816371B4DDC7C00BA1AB1 /* AbleToPlay.swift */; };
		37D8163A1B4DDC9B00BA1AB1 /* HumanPlayer.swift in Sources */ = {isa = PBXBuildFile; fileRef = 37D816391B4DDC9B00BA1AB1 /* HumanPlayer.swift */; };
		37D8163C1B50280800BA1AB1 /* MovingPile.swift in Sources */ = {isa = PBXBuildFile; fileRef = 37D8163B1B50280800BA1AB1 /* MovingPile.swift */; };
		37D8163E1B50296F00BA1AB1 /* AbleToReceiveStones.swift in Sources */ = {isa = PBXBuildFile; fileRef = 37D8163D1B50296F00BA1AB1 /* AbleToReceiveStones.swift */; };
		37D816401B5029A300BA1AB1 /* Goal.swift in Sources */ = {isa = PBXBuildFile; fileRef = 37D8163F1B5029A300BA1AB1 /* Goal.swift */; };
/* End PBXBuildFile section */

/* Begin PBXContainerItemProxy section */
		37D816141B4DA7ED00BA1AB1 /* PBXContainerItemProxy */ = {
			isa = PBXContainerItemProxy;
			containerPortal = 37D815F71B4DA7EC00BA1AB1 /* Project object */;
			proxyType = 1;
			remoteGlobalIDString = 37D815FE1B4DA7EC00BA1AB1;
			remoteInfo = "Manna Cola";
		};
		37D8161F1B4DA7ED00BA1AB1 /* PBXContainerItemProxy */ = {
			isa = PBXContainerItemProxy;
			containerPortal = 37D815F71B4DA7EC00BA1AB1 /* Project object */;
			proxyType = 1;
			remoteGlobalIDString = 37D815FE1B4DA7EC00BA1AB1;
			remoteInfo = "Manna Cola";
		};
/* End PBXContainerItemProxy section */

/* Begin PBXFileReference section */
		37C5163F1B55E47C00613033 /* Side.swift */ = {isa = PBXFileReference; fileEncoding = 4; lastKnownFileType = sourcecode.swift; path = Side.swift; sourceTree = "<group>"; };
		37C516411B569E1A00613033 /* PlayerRegistrar.swift */ = {isa = PBXFileReference; fileEncoding = 4; lastKnownFileType = sourcecode.swift; path = PlayerRegistrar.swift; sourceTree = "<group>"; };
		37C516451B56C83000613033 /* BoardQuery.swift */ = {isa = PBXFileReference; fileEncoding = 4; lastKnownFileType = sourcecode.swift; path = BoardQuery.swift; sourceTree = "<group>"; };
		37C516471B56D78300613033 /* BoardState.swift */ = {isa = PBXFileReference; fileEncoding = 4; lastKnownFileType = sourcecode.swift; path = BoardState.swift; sourceTree = "<group>"; };
		37C516491B56D85900613033 /* Turns.swift */ = {isa = PBXFileReference; fileEncoding = 4; lastKnownFileType = sourcecode.swift; path = Turns.swift; sourceTree = "<group>"; };
		37D815FF1B4DA7EC00BA1AB1 /* Manna Cola.app */ = {isa = PBXFileReference; explicitFileType = wrapper.application; includeInIndex = 0; path = "Manna Cola.app"; sourceTree = BUILT_PRODUCTS_DIR; };
		37D816021B4DA7EC00BA1AB1 /* AppDelegate.swift */ = {isa = PBXFileReference; lastKnownFileType = sourcecode.swift; path = AppDelegate.swift; sourceTree = "<group>"; };
		37D816041B4DA7EC00BA1AB1 /* ViewController.swift */ = {isa = PBXFileReference; lastKnownFileType = sourcecode.swift; path = ViewController.swift; sourceTree = "<group>"; };
		37D816071B4DA7EC00BA1AB1 /* Base */ = {isa = PBXFileReference; lastKnownFileType = file.storyboard; name = Base; path = Base.lproj/Main.storyboard; sourceTree = "<group>"; };
		37D816091B4DA7EC00BA1AB1 /* Assets.xcassets */ = {isa = PBXFileReference; lastKnownFileType = folder.assetcatalog; path = Assets.xcassets; sourceTree = "<group>"; };
		37D8160C1B4DA7EC00BA1AB1 /* Base */ = {isa = PBXFileReference; lastKnownFileType = file.storyboard; name = Base; path = Base.lproj/LaunchScreen.storyboard; sourceTree = "<group>"; };
		37D8160E1B4DA7EC00BA1AB1 /* Info.plist */ = {isa = PBXFileReference; lastKnownFileType = text.plist.xml; path = Info.plist; sourceTree = "<group>"; };
		37D816131B4DA7ED00BA1AB1 /* Manna ColaTests.xctest */ = {isa = PBXFileReference; explicitFileType = wrapper.cfbundle; includeInIndex = 0; path = "Manna ColaTests.xctest"; sourceTree = BUILT_PRODUCTS_DIR; };
		37D816171B4DA7ED00BA1AB1 /* Manna_ColaTests.swift */ = {isa = PBXFileReference; lastKnownFileType = sourcecode.swift; path = Manna_ColaTests.swift; sourceTree = "<group>"; };
		37D816191B4DA7ED00BA1AB1 /* Info.plist */ = {isa = PBXFileReference; lastKnownFileType = text.plist.xml; path = Info.plist; sourceTree = "<group>"; };
		37D8161E1B4DA7ED00BA1AB1 /* Manna ColaUITests.xctest */ = {isa = PBXFileReference; explicitFileType = wrapper.cfbundle; includeInIndex = 0; path = "Manna ColaUITests.xctest"; sourceTree = BUILT_PRODUCTS_DIR; };
		37D816221B4DA7ED00BA1AB1 /* Manna_ColaUITests.swift */ = {isa = PBXFileReference; lastKnownFileType = sourcecode.swift; path = Manna_ColaUITests.swift; sourceTree = "<group>"; };
		37D816241B4DA7ED00BA1AB1 /* Info.plist */ = {isa = PBXFileReference; lastKnownFileType = text.plist.xml; path = Info.plist; sourceTree = "<group>"; };
		37D816311B4DC34700BA1AB1 /* Pocket.swift */ = {isa = PBXFileReference; fileEncoding = 4; lastKnownFileType = sourcecode.swift; path = Pocket.swift; sourceTree = "<group>"; };
		37D816351B4DDAD200BA1AB1 /* Game.swift */ = {isa = PBXFileReference; fileEncoding = 4; lastKnownFileType = sourcecode.swift; path = Game.swift; sourceTree = "<group>"; };
		37D816371B4DDC7C00BA1AB1 /* AbleToPlay.swift */ = {isa = PBXFileReference; fileEncoding = 4; lastKnownFileType = sourcecode.swift; path = AbleToPlay.swift; sourceTree = "<group>"; };
		37D816391B4DDC9B00BA1AB1 /* HumanPlayer.swift */ = {isa = PBXFileReference; fileEncoding = 4; lastKnownFileType = sourcecode.swift; path = HumanPlayer.swift; sourceTree = "<group>"; };
		37D8163B1B50280800BA1AB1 /* MovingPile.swift */ = {isa = PBXFileReference; fileEncoding = 4; lastKnownFileType = sourcecode.swift; path = MovingPile.swift; sourceTree = "<group>"; };
		37D8163D1B50296F00BA1AB1 /* AbleToReceiveStones.swift */ = {isa = PBXFileReference; fileEncoding = 4; lastKnownFileType = sourcecode.swift; path = AbleToReceiveStones.swift; sourceTree = "<group>"; };
		37D8163F1B5029A300BA1AB1 /* Goal.swift */ = {isa = PBXFileReference; fileEncoding = 4; lastKnownFileType = sourcecode.swift; path = Goal.swift; sourceTree = "<group>"; };
/* End PBXFileReference section */

/* Begin PBXFrameworksBuildPhase section */
		37D815FC1B4DA7EC00BA1AB1 /* Frameworks */ = {
			isa = PBXFrameworksBuildPhase;
			buildActionMask = 2147483647;
			files = (
			);
			runOnlyForDeploymentPostprocessing = 0;
		};
		37D816101B4DA7ED00BA1AB1 /* Frameworks */ = {
			isa = PBXFrameworksBuildPhase;
			buildActionMask = 2147483647;
			files = (
			);
			runOnlyForDeploymentPostprocessing = 0;
		};
		37D8161B1B4DA7ED00BA1AB1 /* Frameworks */ = {
			isa = PBXFrameworksBuildPhase;
			buildActionMask = 2147483647;
			files = (
			);
			runOnlyForDeploymentPostprocessing = 0;
		};
/* End PBXFrameworksBuildPhase section */

/* Begin PBXGroup section */
		37D815F61B4DA7EC00BA1AB1 = {
			isa = PBXGroup;
			children = (
				37D816011B4DA7EC00BA1AB1 /* Manna Cola */,
				37D816161B4DA7ED00BA1AB1 /* Manna ColaTests */,
				37D816211B4DA7ED00BA1AB1 /* Manna ColaUITests */,
				37D816001B4DA7EC00BA1AB1 /* Products */,
			);
			sourceTree = "<group>";
		};
		37D816001B4DA7EC00BA1AB1 /* Products */ = {
			isa = PBXGroup;
			children = (
				37D815FF1B4DA7EC00BA1AB1 /* Manna Cola.app */,
				37D816131B4DA7ED00BA1AB1 /* Manna ColaTests.xctest */,
				37D8161E1B4DA7ED00BA1AB1 /* Manna ColaUITests.xctest */,
			);
			name = Products;
			sourceTree = "<group>";
		};
		37D816011B4DA7EC00BA1AB1 /* Manna Cola */ = {
			isa = PBXGroup;
			children = (
				37D816301B4DC31E00BA1AB1 /* Classes and Protocols */,
				37D816021B4DA7EC00BA1AB1 /* AppDelegate.swift */,
				37D816041B4DA7EC00BA1AB1 /* ViewController.swift */,
				37D816061B4DA7EC00BA1AB1 /* Main.storyboard */,
				37D816091B4DA7EC00BA1AB1 /* Assets.xcassets */,
				37D8160B1B4DA7EC00BA1AB1 /* LaunchScreen.storyboard */,
				37D8160E1B4DA7EC00BA1AB1 /* Info.plist */,
			);
			path = "Manna Cola";
			sourceTree = "<group>";
		};
		37D816161B4DA7ED00BA1AB1 /* Manna ColaTests */ = {
			isa = PBXGroup;
			children = (
				37D816171B4DA7ED00BA1AB1 /* Manna_ColaTests.swift */,
				37D816191B4DA7ED00BA1AB1 /* Info.plist */,
			);
			path = "Manna ColaTests";
			sourceTree = "<group>";
		};
		37D816211B4DA7ED00BA1AB1 /* Manna ColaUITests */ = {
			isa = PBXGroup;
			children = (
				37D816221B4DA7ED00BA1AB1 /* Manna_ColaUITests.swift */,
				37D816241B4DA7ED00BA1AB1 /* Info.plist */,
			);
			path = "Manna ColaUITests";
			sourceTree = "<group>";
		};
		37D816301B4DC31E00BA1AB1 /* Classes and Protocols */ = {
			isa = PBXGroup;
			children = (
				37D816371B4DDC7C00BA1AB1 /* AbleToPlay.swift */,
				37D8163D1B50296F00BA1AB1 /* AbleToReceiveStones.swift */,
				37C516451B56C83000613033 /* BoardQuery.swift */,
				37C516471B56D78300613033 /* BoardState.swift */,
				37D816351B4DDAD200BA1AB1 /* Game.swift */,
				37D8163F1B5029A300BA1AB1 /* Goal.swift */,
				37D816391B4DDC9B00BA1AB1 /* HumanPlayer.swift */,
				37D8163B1B50280800BA1AB1 /* MovingPile.swift */,
				37C516411B569E1A00613033 /* PlayerRegistrar.swift */,
				37D816311B4DC34700BA1AB1 /* Pocket.swift */,
				37C5163F1B55E47C00613033 /* Side.swift */,
				37C516491B56D85900613033 /* Turns.swift */,
			);
			name = "Classes and Protocols";
			sourceTree = "<group>";
		};
/* End PBXGroup section */

/* Begin PBXNativeTarget section */
		37D815FE1B4DA7EC00BA1AB1 /* Manna Cola */ = {
			isa = PBXNativeTarget;
			buildConfigurationList = 37D816271B4DA7ED00BA1AB1 /* Build configuration list for PBXNativeTarget "Manna Cola" */;
			buildPhases = (
				37D815FB1B4DA7EC00BA1AB1 /* Sources */,
				37D815FC1B4DA7EC00BA1AB1 /* Frameworks */,
				37D815FD1B4DA7EC00BA1AB1 /* Resources */,
			);
			buildRules = (
			);
			dependencies = (
			);
			name = "Manna Cola";
			productName = "Manna Cola";
			productReference = 37D815FF1B4DA7EC00BA1AB1 /* Manna Cola.app */;
			productType = "com.apple.product-type.application";
		};
		37D816121B4DA7ED00BA1AB1 /* Manna ColaTests */ = {
			isa = PBXNativeTarget;
			buildConfigurationList = 37D8162A1B4DA7ED00BA1AB1 /* Build configuration list for PBXNativeTarget "Manna ColaTests" */;
			buildPhases = (
				37D8160F1B4DA7ED00BA1AB1 /* Sources */,
				37D816101B4DA7ED00BA1AB1 /* Frameworks */,
				37D816111B4DA7ED00BA1AB1 /* Resources */,
			);
			buildRules = (
			);
			dependencies = (
				37D816151B4DA7ED00BA1AB1 /* PBXTargetDependency */,
			);
			name = "Manna ColaTests";
			productName = "Manna ColaTests";
			productReference = 37D816131B4DA7ED00BA1AB1 /* Manna ColaTests.xctest */;
			productType = "com.apple.product-type.bundle.unit-test";
		};
		37D8161D1B4DA7ED00BA1AB1 /* Manna ColaUITests */ = {
			isa = PBXNativeTarget;
			buildConfigurationList = 37D8162D1B4DA7ED00BA1AB1 /* Build configuration list for PBXNativeTarget "Manna ColaUITests" */;
			buildPhases = (
				37D8161A1B4DA7ED00BA1AB1 /* Sources */,
				37D8161B1B4DA7ED00BA1AB1 /* Frameworks */,
				37D8161C1B4DA7ED00BA1AB1 /* Resources */,
			);
			buildRules = (
			);
			dependencies = (
				37D816201B4DA7ED00BA1AB1 /* PBXTargetDependency */,
			);
			name = "Manna ColaUITests";
			productName = "Manna ColaUITests";
			productReference = 37D8161E1B4DA7ED00BA1AB1 /* Manna ColaUITests.xctest */;
			productType = "com.apple.product-type.bundle.ui-testing";
		};
/* End PBXNativeTarget section */

/* Begin PBXProject section */
		37D815F71B4DA7EC00BA1AB1 /* Project object */ = {
			isa = PBXProject;
			attributes = {
				LastUpgradeCheck = 0700;
				ORGANIZATIONNAME = "Dan Luhring";
				TargetAttributes = {
					37D815FE1B4DA7EC00BA1AB1 = {
						CreatedOnToolsVersion = 7.0;
					};
					37D816121B4DA7ED00BA1AB1 = {
						CreatedOnToolsVersion = 7.0;
						TestTargetID = 37D815FE1B4DA7EC00BA1AB1;
					};
					37D8161D1B4DA7ED00BA1AB1 = {
						CreatedOnToolsVersion = 7.0;
						TestTargetID = 37D815FE1B4DA7EC00BA1AB1;
					};
				};
			};
			buildConfigurationList = 37D815FA1B4DA7EC00BA1AB1 /* Build configuration list for PBXProject "Manna Cola" */;
			compatibilityVersion = "Xcode 3.2";
			developmentRegion = English;
			hasScannedForEncodings = 0;
			knownRegions = (
				en,
				Base,
			);
			mainGroup = 37D815F61B4DA7EC00BA1AB1;
			productRefGroup = 37D816001B4DA7EC00BA1AB1 /* Products */;
			projectDirPath = "";
			projectRoot = "";
			targets = (
				37D815FE1B4DA7EC00BA1AB1 /* Manna Cola */,
				37D816121B4DA7ED00BA1AB1 /* Manna ColaTests */,
				37D8161D1B4DA7ED00BA1AB1 /* Manna ColaUITests */,
			);
		};
/* End PBXProject section */

/* Begin PBXResourcesBuildPhase section */
		37D815FD1B4DA7EC00BA1AB1 /* Resources */ = {
			isa = PBXResourcesBuildPhase;
			buildActionMask = 2147483647;
			files = (
				37D8160D1B4DA7EC00BA1AB1 /* LaunchScreen.storyboard in Resources */,
				37D8160A1B4DA7EC00BA1AB1 /* Assets.xcassets in Resources */,
				37D816081B4DA7EC00BA1AB1 /* Main.storyboard in Resources */,
			);
			runOnlyForDeploymentPostprocessing = 0;
		};
		37D816111B4DA7ED00BA1AB1 /* Resources */ = {
			isa = PBXResourcesBuildPhase;
			buildActionMask = 2147483647;
			files = (
			);
			runOnlyForDeploymentPostprocessing = 0;
		};
		37D8161C1B4DA7ED00BA1AB1 /* Resources */ = {
			isa = PBXResourcesBuildPhase;
			buildActionMask = 2147483647;
			files = (
			);
			runOnlyForDeploymentPostprocessing = 0;
		};
/* End PBXResourcesBuildPhase section */

/* Begin PBXSourcesBuildPhase section */
		37D815FB1B4DA7EC00BA1AB1 /* Sources */ = {
			isa = PBXSourcesBuildPhase;
			buildActionMask = 2147483647;
			files = (
				37C5164A1B56D85900613033 /* Turns.swift in Sources */,
				37D816381B4DDC7C00BA1AB1 /* AbleToPlay.swift in Sources */,
				37D816361B4DDAD200BA1AB1 /* Game.swift in Sources */,
				37C516401B55E47C00613033 /* Side.swift in Sources */,
				37C516421B569E1A00613033 /* PlayerRegistrar.swift in Sources */,
				37D8163E1B50296F00BA1AB1 /* AbleToReceiveStones.swift in Sources */,
				37C516461B56C83000613033 /* BoardQuery.swift in Sources */,
				37D816051B4DA7EC00BA1AB1 /* ViewController.swift in Sources */,
				37C516481B56D78300613033 /* BoardState.swift in Sources */,
				37D8163A1B4DDC9B00BA1AB1 /* HumanPlayer.swift in Sources */,
				37D816031B4DA7EC00BA1AB1 /* AppDelegate.swift in Sources */,
				37D816321B4DC34700BA1AB1 /* Pocket.swift in Sources */,
				37D816401B5029A300BA1AB1 /* Goal.swift in Sources */,
				37D8163C1B50280800BA1AB1 /* MovingPile.swift in Sources */,
			);
			runOnlyForDeploymentPostprocessing = 0;
		};
		37D8160F1B4DA7ED00BA1AB1 /* Sources */ = {
			isa = PBXSourcesBuildPhase;
			buildActionMask = 2147483647;
			files = (
				37D816181B4DA7ED00BA1AB1 /* Manna_ColaTests.swift in Sources */,
			);
			runOnlyForDeploymentPostprocessing = 0;
		};
		37D8161A1B4DA7ED00BA1AB1 /* Sources */ = {
			isa = PBXSourcesBuildPhase;
			buildActionMask = 2147483647;
			files = (
				37D816231B4DA7ED00BA1AB1 /* Manna_ColaUITests.swift in Sources */,
			);
			runOnlyForDeploymentPostprocessing = 0;
		};
/* End PBXSourcesBuildPhase section */

/* Begin PBXTargetDependency section */
		37D816151B4DA7ED00BA1AB1 /* PBXTargetDependency */ = {
			isa = PBXTargetDependency;
			target = 37D815FE1B4DA7EC00BA1AB1 /* Manna Cola */;
			targetProxy = 37D816141B4DA7ED00BA1AB1 /* PBXContainerItemProxy */;
		};
		37D816201B4DA7ED00BA1AB1 /* PBXTargetDependency */ = {
			isa = PBXTargetDependency;
			target = 37D815FE1B4DA7EC00BA1AB1 /* Manna Cola */;
			targetProxy = 37D8161F1B4DA7ED00BA1AB1 /* PBXContainerItemProxy */;
		};
/* End PBXTargetDependency section */

/* Begin PBXVariantGroup section */
		37D816061B4DA7EC00BA1AB1 /* Main.storyboard */ = {
			isa = PBXVariantGroup;
			children = (
				37D816071B4DA7EC00BA1AB1 /* Base */,
			);
			name = Main.storyboard;
			sourceTree = "<group>";
		};
		37D8160B1B4DA7EC00BA1AB1 /* LaunchScreen.storyboard */ = {
			isa = PBXVariantGroup;
			children = (
				37D8160C1B4DA7EC00BA1AB1 /* Base */,
			);
			name = LaunchScreen.storyboard;
			sourceTree = "<group>";
		};
/* End PBXVariantGroup section */

/* Begin XCBuildConfiguration section */
		37D816251B4DA7ED00BA1AB1 /* Debug */ = {
			isa = XCBuildConfiguration;
			buildSettings = {
				ALWAYS_SEARCH_USER_PATHS = NO;
				CLANG_CXX_LANGUAGE_STANDARD = "gnu++0x";
				CLANG_CXX_LIBRARY = "libc++";
				CLANG_ENABLE_MODULES = YES;
				CLANG_ENABLE_OBJC_ARC = YES;
				CLANG_WARN_BOOL_CONVERSION = YES;
				CLANG_WARN_CONSTANT_CONVERSION = YES;
				CLANG_WARN_DIRECT_OBJC_ISA_USAGE = YES_ERROR;
				CLANG_WARN_EMPTY_BODY = YES;
				CLANG_WARN_ENUM_CONVERSION = YES;
				CLANG_WARN_INT_CONVERSION = YES;
				CLANG_WARN_OBJC_ROOT_CLASS = YES_ERROR;
				CLANG_WARN_UNREACHABLE_CODE = YES;
				CLANG_WARN__DUPLICATE_METHOD_MATCH = YES;
				"CODE_SIGN_IDENTITY[sdk=iphoneos*]" = "iPhone Developer";
				COPY_PHASE_STRIP = NO;
				DEBUG_INFORMATION_FORMAT = dwarf;
				ENABLE_STRICT_OBJC_MSGSEND = YES;
				ENABLE_TESTABILITY = YES;
				GCC_C_LANGUAGE_STANDARD = gnu99;
				GCC_DYNAMIC_NO_PIC = NO;
				GCC_NO_COMMON_BLOCKS = YES;
				GCC_OPTIMIZATION_LEVEL = 0;
				GCC_PREPROCESSOR_DEFINITIONS = (
					"DEBUG=1",
					"$(inherited)",
				);
				GCC_WARN_64_TO_32_BIT_CONVERSION = YES;
				GCC_WARN_ABOUT_RETURN_TYPE = YES_ERROR;
				GCC_WARN_UNDECLARED_SELECTOR = YES;
				GCC_WARN_UNINITIALIZED_AUTOS = YES_AGGRESSIVE;
				GCC_WARN_UNUSED_FUNCTION = YES;
				GCC_WARN_UNUSED_VARIABLE = YES;
				IPHONEOS_DEPLOYMENT_TARGET = 9.0;
				MTL_ENABLE_DEBUG_INFO = YES;
				ONLY_ACTIVE_ARCH = YES;
				SDKROOT = iphoneos;
				SWIFT_OPTIMIZATION_LEVEL = "-Onone";
			};
			name = Debug;
		};
		37D816261B4DA7ED00BA1AB1 /* Release */ = {
			isa = XCBuildConfiguration;
			buildSettings = {
				ALWAYS_SEARCH_USER_PATHS = NO;
				CLANG_CXX_LANGUAGE_STANDARD = "gnu++0x";
				CLANG_CXX_LIBRARY = "libc++";
				CLANG_ENABLE_MODULES = YES;
				CLANG_ENABLE_OBJC_ARC = YES;
				CLANG_WARN_BOOL_CONVERSION = YES;
				CLANG_WARN_CONSTANT_CONVERSION = YES;
				CLANG_WARN_DIRECT_OBJC_ISA_USAGE = YES_ERROR;
				CLANG_WARN_EMPTY_BODY = YES;
				CLANG_WARN_ENUM_CONVERSION = YES;
				CLANG_WARN_INT_CONVERSION = YES;
				CLANG_WARN_OBJC_ROOT_CLASS = YES_ERROR;
				CLANG_WARN_UNREACHABLE_CODE = YES;
				CLANG_WARN__DUPLICATE_METHOD_MATCH = YES;
				"CODE_SIGN_IDENTITY[sdk=iphoneos*]" = "iPhone Developer";
				COPY_PHASE_STRIP = NO;
				DEBUG_INFORMATION_FORMAT = "dwarf-with-dsym";
				ENABLE_NS_ASSERTIONS = NO;
				ENABLE_STRICT_OBJC_MSGSEND = YES;
				GCC_C_LANGUAGE_STANDARD = gnu99;
				GCC_NO_COMMON_BLOCKS = YES;
				GCC_WARN_64_TO_32_BIT_CONVERSION = YES;
				GCC_WARN_ABOUT_RETURN_TYPE = YES_ERROR;
				GCC_WARN_UNDECLARED_SELECTOR = YES;
				GCC_WARN_UNINITIALIZED_AUTOS = YES_AGGRESSIVE;
				GCC_WARN_UNUSED_FUNCTION = YES;
				GCC_WARN_UNUSED_VARIABLE = YES;
				IPHONEOS_DEPLOYMENT_TARGET = 9.0;
				MTL_ENABLE_DEBUG_INFO = NO;
				SDKROOT = iphoneos;
				VALIDATE_PRODUCT = YES;
			};
			name = Release;
		};
		37D816281B4DA7ED00BA1AB1 /* Debug */ = {
			isa = XCBuildConfiguration;
			buildSettings = {
				ASSETCATALOG_COMPILER_APPICON_NAME = AppIcon;
				INFOPLIST_FILE = "Manna Cola/Info.plist";
				LD_RUNPATH_SEARCH_PATHS = "$(inherited) @executable_path/Frameworks";
				PRODUCT_BUNDLE_IDENTIFIER = "com.danluhring.Manna-Cola";
				PRODUCT_NAME = "$(TARGET_NAME)";
			};
			name = Debug;
		};
		37D816291B4DA7ED00BA1AB1 /* Release */ = {
			isa = XCBuildConfiguration;
			buildSettings = {
				ASSETCATALOG_COMPILER_APPICON_NAME = AppIcon;
				INFOPLIST_FILE = "Manna Cola/Info.plist";
				LD_RUNPATH_SEARCH_PATHS = "$(inherited) @executable_path/Frameworks";
				PRODUCT_BUNDLE_IDENTIFIER = "com.danluhring.Manna-Cola";
				PRODUCT_NAME = "$(TARGET_NAME)";
			};
			name = Release;
		};
		37D8162B1B4DA7ED00BA1AB1 /* Debug */ = {
			isa = XCBuildConfiguration;
			buildSettings = {
				BUNDLE_LOADER = "$(TEST_HOST)";
				INFOPLIST_FILE = "Manna ColaTests/Info.plist";
				LD_RUNPATH_SEARCH_PATHS = "$(inherited) @executable_path/Frameworks @loader_path/Frameworks";
				PRODUCT_BUNDLE_IDENTIFIER = "com.danluhring.Manna-ColaTests";
				PRODUCT_NAME = "$(TARGET_NAME)";
				TEST_HOST = "$(BUILT_PRODUCTS_DIR)/Manna Cola.app/Manna Cola";
			};
			name = Debug;
		};
		37D8162C1B4DA7ED00BA1AB1 /* Release */ = {
			isa = XCBuildConfiguration;
			buildSettings = {
				BUNDLE_LOADER = "$(TEST_HOST)";
				INFOPLIST_FILE = "Manna ColaTests/Info.plist";
				LD_RUNPATH_SEARCH_PATHS = "$(inherited) @executable_path/Frameworks @loader_path/Frameworks";
				PRODUCT_BUNDLE_IDENTIFIER = "com.danluhring.Manna-ColaTests";
				PRODUCT_NAME = "$(TARGET_NAME)";
				TEST_HOST = "$(BUILT_PRODUCTS_DIR)/Manna Cola.app/Manna Cola";
			};
			name = Release;
		};
		37D8162E1B4DA7ED00BA1AB1 /* Debug */ = {
			isa = XCBuildConfiguration;
			buildSettings = {
				INFOPLIST_FILE = "Manna ColaUITests/Info.plist";
				LD_RUNPATH_SEARCH_PATHS = "$(inherited) @executable_path/Frameworks @loader_path/Frameworks";
				PRODUCT_BUNDLE_IDENTIFIER = "com.danluhring.Manna-ColaUITests";
				PRODUCT_NAME = "$(TARGET_NAME)";
				TEST_TARGET_NAME = "Manna Cola";
				USES_XCTRUNNER = YES;
			};
			name = Debug;
		};
		37D8162F1B4DA7ED00BA1AB1 /* Release */ = {
			isa = XCBuildConfiguration;
			buildSettings = {
				INFOPLIST_FILE = "Manna ColaUITests/Info.plist";
				LD_RUNPATH_SEARCH_PATHS = "$(inherited) @executable_path/Frameworks @loader_path/Frameworks";
				PRODUCT_BUNDLE_IDENTIFIER = "com.danluhring.Manna-ColaUITests";
				PRODUCT_NAME = "$(TARGET_NAME)";
				TEST_TARGET_NAME = "Manna Cola";
				USES_XCTRUNNER = YES;
			};
			name = Release;
		};
/* End XCBuildConfiguration section */

/* Begin XCConfigurationList section */
		37D815FA1B4DA7EC00BA1AB1 /* Build configuration list for PBXProject "Manna Cola" */ = {
			isa = XCConfigurationList;
			buildConfigurations = (
				37D816251B4DA7ED00BA1AB1 /* Debug */,
				37D816261B4DA7ED00BA1AB1 /* Release */,
			);
			defaultConfigurationIsVisible = 0;
			defaultConfigurationName = Release;
		};
		37D816271B4DA7ED00BA1AB1 /* Build configuration list for PBXNativeTarget "Manna Cola" */ = {
			isa = XCConfigurationList;
			buildConfigurations = (
				37D816281B4DA7ED00BA1AB1 /* Debug */,
				37D816291B4DA7ED00BA1AB1 /* Release */,
			);
			defaultConfigurationIsVisible = 0;
			defaultConfigurationName = Release;
		};
		37D8162A1B4DA7ED00BA1AB1 /* Build configuration list for PBXNativeTarget "Manna ColaTests" */ = {
			isa = XCConfigurationList;
			buildConfigurations = (
				37D8162B1B4DA7ED00BA1AB1 /* Debug */,
				37D8162C1B4DA7ED00BA1AB1 /* Release */,
			);
			defaultConfigurationIsVisible = 0;
			defaultConfigurationName = Release;
		};
		37D8162D1B4DA7ED00BA1AB1 /* Build configuration list for PBXNativeTarget "Manna ColaUITests" */ = {
			isa = XCConfigurationList;
			buildConfigurations = (
				37D8162E1B4DA7ED00BA1AB1 /* Debug */,
				37D8162F1B4DA7ED00BA1AB1 /* Release */,
			);
			defaultConfigurationIsVisible = 0;
			defaultConfigurationName = Release;
		};
/* End XCConfigurationList section */
	};
	rootObject = 37D815F71B4DA7EC00BA1AB1 /* Project object */;
}
